
Microsoft Visual Studio Solution File, Format Version 12.00
Project("{FAE04EC0-301F-11D3-BF4B-00C04F79EFBC}") = "WebAPI", "WebAPI\WebAPI.csproj", "{70662211-7900-4907-818A-07029E7C7D7B}"
EndProject
Project("{FAE04EC0-301F-11D3-BF4B-00C04F79EFBC}") = "Infrastructure", "Infrastructure\Infrastructure.csproj", "{D50B9575-1F53-4E4A-8C81-2D7345EDFF4A}"
EndProject
Project("{FAE04EC0-301F-11D3-BF4B-00C04F79EFBC}") = "Domain", "Domain\Domain.csproj", "{86B19033-C284-4D76-BED7-E54CB9719B95}"
EndProject
Project("{FAE04EC0-301F-11D3-BF4B-00C04F79EFBC}") = "Application", "Application\Application.csproj", "{7E90E228-5A9B-4E78-A88B-99548F75C248}"
EndProject
Global
	GlobalSection(SolutionConfigurationPlatforms) = preSolution
		Debug|Any CPU = Debug|Any CPU
		Release|Any CPU = Release|Any CPU
	EndGlobalSection
	GlobalSection(ProjectConfigurationPlatforms) = postSolution
		{70662211-7900-4907-818A-07029E7C7D7B}.Debug|Any CPU.ActiveCfg = Debug|Any CPU
		{70662211-7900-4907-818A-07029E7C7D7B}.Debug|Any CPU.Build.0 = Debug|Any CPU
		{70662211-7900-4907-818A-07029E7C7D7B}.Release|Any CPU.ActiveCfg = Release|Any CPU
		{70662211-7900-4907-818A-07029E7C7D7B}.Release|Any CPU.Build.0 = Release|Any CPU
		{D50B9575-1F53-4E4A-8C81-2D7345EDFF4A}.Debug|Any CPU.ActiveCfg = Debug|Any CPU
		{D50B9575-1F53-4E4A-8C81-2D7345EDFF4A}.Debug|Any CPU.Build.0 = Debug|Any CPU
		{D50B9575-1F53-4E4A-8C81-2D7345EDFF4A}.Release|Any CPU.ActiveCfg = Release|Any CPU
		{D50B9575-1F53-4E4A-8C81-2D7345EDFF4A}.Release|Any CPU.Build.0 = Release|Any CPU
		{86B19033-C284-4D76-BED7-E54CB9719B95}.Debug|Any CPU.ActiveCfg = Debug|Any CPU
		{86B19033-C284-4D76-BED7-E54CB9719B95}.Debug|Any CPU.Build.0 = Debug|Any CPU
		{86B19033-C284-4D76-BED7-E54CB9719B95}.Release|Any CPU.ActiveCfg = Release|Any CPU
		{86B19033-C284-4D76-BED7-E54CB9719B95}.Release|Any CPU.Build.0 = Release|Any CPU
		{7E90E228-5A9B-4E78-A88B-99548F75C248}.Debug|Any CPU.ActiveCfg = Debug|Any CPU
		{7E90E228-5A9B-4E78-A88B-99548F75C248}.Debug|Any CPU.Build.0 = Debug|Any CPU
		{7E90E228-5A9B-4E78-A88B-99548F75C248}.Release|Any CPU.ActiveCfg = Release|Any CPU
		{7E90E228-5A9B-4E78-A88B-99548F75C248}.Release|Any CPU.Build.0 = Release|Any CPU
	EndGlobalSection
EndGlobal
